{
    "version": 3,
    "terraform_version": "0.9.3",
    "serial": 0,
    "lineage": "dfdbe586-9a3c-4a12-8406-663a631cc93b",
    "modules": [
        {
            "path": [
                "root"
            ],
            "outputs": {},
            "resources": {
                "aws_iam_instance_profile.voiceOpsBastionInstanceProfile": {
                    "type": "aws_iam_instance_profile",
                    "depends_on": [
                        "aws_iam_role.voiceOpsBastionIamRole"
                    ],
                    "primary": {
                        "id": "voiceOpsBastion",
                        "attributes": {
                            "arn": "arn:aws:iam::717840979392:instance-profile/voiceOpsBastion",
                            "id": "voiceOpsBastion",
                            "name": "voiceOpsBastion",
                            "path": "/",
                            "role": "voiceOpsBastion",
                            "roles.#": "0",
                            "unique_id": "AIPAJM3BICSNWREXVOXS2"
                        },
                        "meta": {},
                        "tainted": false
                    },
                    "deposed": [],
                    "provider": ""
                },
                "aws_iam_role.voiceOpsBastionIamRole": {
                    "type": "aws_iam_role",
                    "depends_on": [],
                    "primary": {
                        "id": "voiceOpsBastion",
                        "attributes": {
                            "arn": "arn:aws:iam::717840979392:role/voiceOpsBastion",
                            "assume_role_policy": "{\n  \"Version\": \"2012-10-17\",\n  \"Statement\": [\n    {\n      \"Effect\": \"Allow\",\n      \"Principal\": { \"Service\": \"ec2.amazonaws.com\"},\n      \"Action\": \"sts:AssumeRole\"\n    }\n  ]\n}\n",
                            "create_date": "2017-06-26T20:35:23Z",
                            "id": "voiceOpsBastion",
                            "name": "voiceOpsBastion",
                            "path": "/",
                            "unique_id": "AROAJHDP23WGQ6GJS5R5K"
                        },
                        "meta": {},
                        "tainted": false
                    },
                    "deposed": [],
                    "provider": ""
                },
                "aws_iam_role_policy.voiceOpsBastionIamRolePolicy": {
                    "type": "aws_iam_role_policy",
                    "depends_on": [
                        "aws_iam_role.voiceOpsBastionIamRole"
                    ],
                    "primary": {
                        "id": "voiceOpsBastion:voiceOpsBastion",
                        "attributes": {
                            "id": "voiceOpsBastion:voiceOpsBastion",
                            "name": "voiceOpsBastion",
                            "policy": "{\n  \"Version\": \"2012-10-17\",\n  \"Statement\": [\n    {\n      \"Effect\": \"Allow\",\n      \"Action\": [\n        \"ecr:GetAuthorizationToken\",\n        \"ecr:BatchCheckLayerAvailability\",\n        \"ecr:GetDownloadUrlForLayer\",\n        \"ecr:GetRepositoryPolicy\",\n        \"ecr:DescribeRepositories\",\n        \"ecr:ListImages\",\n        \"ecr:BatchGetImage\"\n      ],\n      \"Resource\": [\n        \"*\"\n      ]\n    },\n    {\n      \"Effect\": \"Allow\",\n      \"Action\": [\n        \"ec2:*\"\n      ],\n      \"Resource\": [\n        \"*\"\n      ]\n    },\n    {\n      \"Effect\": \"Allow\",\n      \"Action\": [\n        \"elasticloadbalancing:*\"\n      ],\n      \"Resource\": [\n        \"*\"\n      ]\n    },\n    {\n      \"Effect\": \"Allow\",\n      \"Action\": [\n        \"autoscaling:DescribeAutoScalingGroups\",\n        \"autoscaling:DescribeAutoScalingInstances\",\n        \"autoscaling:SetDesiredCapacity\",\n        \"autoscaling:TerminateInstanceInAutoScalingGroup\"\n      ],\n      \"Resource\": [\n        \"*\"\n      ]\n    },\n    {\n      \"Effect\": \"Allow\",\n      \"Action\": [\n        \"route53:ChangeResourceRecordSets\",\n        \"route53:ListResourceRecordSets\",\n        \"route53:GetHostedZone\"\n      ],\n      \"Resource\": [\n        \"*\"\n      ]\n    },\n    {\n      \"Effect\": \"Allow\",\n      \"Action\": [\n        \"route53:GetChange\"\n      ],\n      \"Resource\": [\n        \"arn:aws:route53:::change/*\"\n      ]\n    },\n    {\n      \"Effect\": \"Allow\",\n      \"Action\": [\n        \"route53:ListHostedZones\"\n      ],\n      \"Resource\": [\n        \"*\"\n      ]\n    },\n    {\n      \"Effect\": \"Allow\",\n      \"Action\": [\n        \"s3:*\"\n      ],\n      \"Resource\": [\n        \"*\"\n      ]\n    },\n    {\n      \"Effect\": \"Allow\",\n      \"Action\": [\n        \"s3:GetBucketLocation\",\n        \"s3:ListBucket\"\n      ],\n      \"Resource\": [\n        \"*\"\n      ]\n    }\n  ]\n}\n",
                            "role": "voiceOpsBastion"
                        },
                        "meta": {},
                        "tainted": false
                    },
                    "deposed": [],
                    "provider": ""
                },
                "aws_internet_gateway.voiceOpsBastionIgw": {
                    "type": "aws_internet_gateway",
                    "depends_on": [
                        "aws_vpc.voiceOpsBastionVpc"
                    ],
                    "primary": {
                        "id": "igw-4914592d",
                        "attributes": {
                            "id": "igw-4914592d",
                            "tags.%": "1",
                            "tags.Name": "Bastion",
                            "vpc_id": "vpc-f5f05092"
                        },
                        "meta": {},
                        "tainted": false
                    },
                    "deposed": [],
                    "provider": ""
                },
                "aws_launch_configuration.voiceOpsBastion": {
                    "type": "aws_launch_configuration",
                    "depends_on": [
                        "aws_security_group.voiceOpsBastionSg"
                    ],
                    "primary": {
                        "id": "voiceOpsBastion",
                        "attributes": {
                            "associate_public_ip_address": "true",
                            "ebs_block_device.#": "0",
                            "ebs_optimized": "false",
                            "enable_monitoring": "true",
                            "ephemeral_block_device.#": "0",
                            "iam_instance_profile": "",
                            "id": "voiceOpsBastion",
                            "image_id": "ami-7d50491b",
                            "instance_type": "t2.micro",
                            "key_name": "demo",
                            "name": "voiceOpsBastion",
                            "root_block_device.#": "1",
                            "root_block_device.0.delete_on_termination": "true",
                            "root_block_device.0.iops": "0",
                            "root_block_device.0.volume_size": "20",
                            "root_block_device.0.volume_type": "gp2",
                            "security_groups.#": "1",
                            "security_groups.870968775": "sg-edc33c95",
                            "spot_price": "",
                            "vpc_classic_link_id": "",
                            "vpc_classic_link_security_groups.#": "0"
                        },
                        "meta": {},
                        "tainted": true
                    },
                    "deposed": [],
                    "provider": ""
                },
                "aws_route.bastionR": {
                    "type": "aws_route",
                    "depends_on": [
                        "aws_internet_gateway.voiceOpsBastionIgw",
                        "aws_route_table.voiceOpsBastionRt"
                    ],
                    "primary": {
                        "id": "r-rtb-5a063f3d1080289494",
                        "attributes": {
                            "destination_cidr_block": "0.0.0.0/0",
                            "destination_prefix_list_id": "",
                            "egress_only_gateway_id": "",
                            "gateway_id": "igw-4914592d",
                            "id": "r-rtb-5a063f3d1080289494",
                            "instance_id": "",
                            "instance_owner_id": "",
                            "nat_gateway_id": "",
                            "network_interface_id": "",
                            "origin": "CreateRoute",
                            "route_table_id": "rtb-5a063f3d",
                            "state": "active",
                            "vpc_peering_connection_id": ""
                        },
                        "meta": {},
                        "tainted": false
                    },
                    "deposed": [],
                    "provider": ""
                },
                "aws_route_table.voiceOpsBastionRt": {
                    "type": "aws_route_table",
                    "depends_on": [
                        "aws_vpc.voiceOpsBastionVpc"
                    ],
                    "primary": {
                        "id": "rtb-5a063f3d",
                        "attributes": {
                            "id": "rtb-5a063f3d",
                            "propagating_vgws.#": "0",
                            "route.#": "0",
                            "tags.%": "1",
                            "tags.Name": "Bastion",
                            "vpc_id": "vpc-f5f05092"
                        },
                        "meta": {},
                        "tainted": false
                    },
                    "deposed": [],
                    "provider": ""
                },
                "aws_security_group.voiceOpsBastionSg": {
                    "type": "aws_security_group",
                    "depends_on": [
                        "aws_vpc.voiceOpsBastionVpc"
                    ],
                    "primary": {
                        "id": "sg-edc33c95",
                        "attributes": {
                            "description": "Security group for nodes",
                            "egress.#": "0",
                            "id": "sg-edc33c95",
                            "ingress.#": "0",
                            "name": "bastion.voiceops.capademy.com",
                            "owner_id": "717840979392",
                            "tags.%": "1",
                            "tags.Name": "bastion.voiceops.capademy.com",
                            "vpc_id": "vpc-f5f05092"
                        },
                        "meta": {},
                        "tainted": false
                    },
                    "deposed": [],
                    "provider": ""
                },
                "aws_security_group_rule.SshExternalToBastion": {
                    "type": "aws_security_group_rule",
                    "depends_on": [
                        "aws_security_group.voiceOpsBastionSg"
                    ],
                    "primary": {
                        "id": "sgrule-1086837529",
                        "attributes": {
                            "from_port": "22",
                            "id": "sgrule-1086837529",
                            "protocol": "-1",
                            "security_group_id": "sg-edc33c95",
                            "self": "false",
                            "source_security_group_id": "sg-edc33c95",
                            "to_port": "22",
                            "type": "ingress"
                        },
                        "meta": {
                            "schema_version": "2"
                        },
                        "tainted": false
                    },
                    "deposed": [],
                    "provider": ""
                },
                "aws_security_group_rule.bastion-egress": {
                    "type": "aws_security_group_rule",
                    "depends_on": [
                        "aws_security_group.voiceOpsBastionSg"
                    ],
                    "primary": {
                        "id": "sgrule-2462551622",
                        "attributes": {
                            "cidr_blocks.#": "1",
                            "cidr_blocks.0": "0.0.0.0/0",
                            "from_port": "0",
                            "id": "sgrule-2462551622",
                            "protocol": "-1",
                            "security_group_id": "sg-edc33c95",
                            "self": "false",
                            "to_port": "0",
                            "type": "egress"
                        },
                        "meta": {
                            "schema_version": "2"
                        },
                        "tainted": false
                    },
                    "deposed": [],
                    "provider": ""
                },
                "aws_vpc.voiceOpsBastionVpc": {
                    "type": "aws_vpc",
                    "depends_on": [],
                    "primary": {
                        "id": "vpc-f5f05092",
                        "attributes": {
                            "assign_generated_ipv6_cidr_block": "false",
                            "cidr_block": "172.30.0.0/20",
                            "default_network_acl_id": "acl-e8a9df8f",
                            "default_route_table_id": "rtb-0d043d6a",
                            "default_security_group_id": "sg-18c43b60",
                            "dhcp_options_id": "dopt-3a4e265e",
                            "enable_classiclink": "false",
                            "enable_dns_hostnames": "true",
                            "enable_dns_support": "true",
                            "id": "vpc-f5f05092",
                            "instance_tenancy": "default",
                            "main_route_table_id": "rtb-0d043d6a",
                            "tags.%": "1",
                            "tags.Name": "Bastion"
                        },
                        "meta": {
                            "schema_version": "1"
                        },
                        "tainted": false
                    },
                    "deposed": [],
                    "provider": ""
                }
            },
            "depends_on": []
        }
    ]
}
