{
    "version": 3,
    "terraform_version": "0.9.3",
    "serial": 8,
    "lineage": "dfdbe586-9a3c-4a12-8406-663a631cc93b",
    "modules": [
        {
            "path": [
                "root"
            ],
            "outputs": {},
            "resources": {
                "aws_iam_instance_profile.voiceOpsBastionInstanceProfile": {
                    "type": "aws_iam_instance_profile",
                    "depends_on": [
                        "aws_iam_role.voiceOpsBastionIamRole"
                    ],
                    "primary": {
                        "id": "voiceOpsBastion",
                        "attributes": {
                            "arn": "arn:aws:iam::717840979392:instance-profile/voiceOpsBastion",
                            "id": "voiceOpsBastion",
                            "name": "voiceOpsBastion",
                            "path": "/",
                            "role": "voiceOpsBastion",
                            "roles.#": "1",
                            "roles.648197434": "voiceOpsBastion",
                            "unique_id": "AIPAIXROKEVRV5F5L73U4"
                        },
                        "meta": {},
                        "tainted": false
                    },
                    "deposed": [],
                    "provider": ""
                },
                "aws_iam_role.voiceOpsBastionIamRole": {
                    "type": "aws_iam_role",
                    "depends_on": [],
                    "primary": {
                        "id": "voiceOpsBastion",
                        "attributes": {
                            "arn": "arn:aws:iam::717840979392:role/voiceOpsBastion",
                            "assume_role_policy": "{\"Version\":\"2012-10-17\",\"Statement\":[{\"Effect\":\"Allow\",\"Principal\":{\"Service\":\"ec2.amazonaws.com\"},\"Action\":\"sts:AssumeRole\"}]}",
                            "create_date": "2017-06-26T21:19:12Z",
                            "id": "voiceOpsBastion",
                            "name": "voiceOpsBastion",
                            "path": "/",
                            "unique_id": "AROAIZNIBEZOXBSJHIP4A"
                        },
                        "meta": {},
                        "tainted": false
                    },
                    "deposed": [],
                    "provider": ""
                },
                "aws_iam_role_policy.voiceOpsBastionIamRolePolicy": {
                    "type": "aws_iam_role_policy",
                    "depends_on": [
                        "aws_iam_role.voiceOpsBastionIamRole"
                    ],
                    "primary": {
                        "id": "voiceOpsBastion:voiceOpsBastion",
                        "attributes": {
                            "id": "voiceOpsBastion:voiceOpsBastion",
                            "name": "voiceOpsBastion",
                            "policy": "{\n  \"Version\": \"2012-10-17\",\n  \"Statement\": [\n    {\n      \"Effect\": \"Allow\",\n      \"Action\": [\n        \"ecr:GetAuthorizationToken\",\n        \"ecr:BatchCheckLayerAvailability\",\n        \"ecr:GetDownloadUrlForLayer\",\n        \"ecr:GetRepositoryPolicy\",\n        \"ecr:DescribeRepositories\",\n        \"ecr:ListImages\",\n        \"ecr:BatchGetImage\"\n      ],\n      \"Resource\": [\n        \"*\"\n      ]\n    },\n    {\n      \"Effect\": \"Allow\",\n      \"Action\": [\n        \"ec2:*\"\n      ],\n      \"Resource\": [\n        \"*\"\n      ]\n    },\n    {\n      \"Effect\": \"Allow\",\n      \"Action\": [\n        \"elasticloadbalancing:*\"\n      ],\n      \"Resource\": [\n        \"*\"\n      ]\n    },\n    {\n      \"Effect\": \"Allow\",\n      \"Action\": [\n        \"autoscaling:DescribeAutoScalingGroups\",\n        \"autoscaling:DescribeAutoScalingInstances\",\n        \"autoscaling:SetDesiredCapacity\",\n        \"autoscaling:TerminateInstanceInAutoScalingGroup\"\n      ],\n      \"Resource\": [\n        \"*\"\n      ]\n    },\n    {\n      \"Effect\": \"Allow\",\n      \"Action\": [\n        \"route53:ChangeResourceRecordSets\",\n        \"route53:ListResourceRecordSets\",\n        \"route53:GetHostedZone\"\n      ],\n      \"Resource\": [\n        \"*\"\n      ]\n    },\n    {\n      \"Effect\": \"Allow\",\n      \"Action\": [\n        \"route53:GetChange\"\n      ],\n      \"Resource\": [\n        \"arn:aws:route53:::change/*\"\n      ]\n    },\n    {\n      \"Effect\": \"Allow\",\n      \"Action\": [\n        \"route53:ListHostedZones\"\n      ],\n      \"Resource\": [\n        \"*\"\n      ]\n    },\n    {\n      \"Effect\": \"Allow\",\n      \"Action\": [\n        \"s3:*\"\n      ],\n      \"Resource\": [\n        \"*\"\n      ]\n    },\n    {\n      \"Effect\": \"Allow\",\n      \"Action\": [\n        \"s3:GetBucketLocation\",\n        \"s3:ListBucket\"\n      ],\n      \"Resource\": [\n        \"*\"\n      ]\n    }\n  ]\n}\n",
                            "role": "voiceOpsBastion"
                        },
                        "meta": {},
                        "tainted": false
                    },
                    "deposed": [],
                    "provider": ""
                },
                "aws_instance.voiceOpsBastion": {
                    "type": "aws_instance",
                    "depends_on": [
                        "aws_security_group.voiceOpsBastionSg",
                        "aws_subnet.voiceOpsBastionSn1a"
                    ],
                    "primary": {
                        "id": "i-081c9aecbf6afa7a7",
                        "attributes": {
                            "ami": "ami-7d50491b",
                            "associate_public_ip_address": "true",
                            "availability_zone": "eu-west-1a",
                            "disable_api_termination": "false",
                            "ebs_block_device.#": "0",
                            "ebs_optimized": "false",
                            "ephemeral_block_device.#": "0",
                            "iam_instance_profile": "",
                            "id": "i-081c9aecbf6afa7a7",
                            "instance_state": "running",
                            "instance_type": "t2.micro",
                            "ipv6_address_count": "0",
                            "ipv6_addresses.#": "0",
                            "key_name": "demo",
                            "monitoring": "false",
                            "network_interface_id": "eni-863a6e89",
                            "private_dns": "ip-172-30-30-145.eu-west-1.compute.internal",
                            "private_ip": "172.30.30.145",
                            "public_dns": "ec2-34-252-33-181.eu-west-1.compute.amazonaws.com",
                            "public_ip": "34.252.33.181",
                            "root_block_device.#": "1",
                            "root_block_device.0.delete_on_termination": "true",
                            "root_block_device.0.iops": "100",
                            "root_block_device.0.volume_size": "20",
                            "root_block_device.0.volume_type": "gp2",
                            "security_groups.#": "0",
                            "source_dest_check": "true",
                            "subnet_id": "subnet-e329c9b8",
                            "tags.%": "2",
                            "tags.KeepRunning": "true",
                            "tags.Name": "Bastion",
                            "tenancy": "default",
                            "vpc_security_group_ids.#": "1",
                            "vpc_security_group_ids.2806319904": "sg-a732cddf"
                        },
                        "meta": {
                            "schema_version": "1"
                        },
                        "tainted": true
                    },
                    "deposed": [],
                    "provider": ""
                },
                "aws_internet_gateway.voiceOpsBastionIgw": {
                    "type": "aws_internet_gateway",
                    "depends_on": [
                        "aws_vpc.voiceOpsBastionVpc"
                    ],
                    "primary": {
                        "id": "igw-9b165bff",
                        "attributes": {
                            "id": "igw-9b165bff",
                            "tags.%": "1",
                            "tags.Name": "Bastion",
                            "vpc_id": "vpc-3efa5a59"
                        },
                        "meta": {},
                        "tainted": false
                    },
                    "deposed": [],
                    "provider": ""
                },
                "aws_route.bastionR": {
                    "type": "aws_route",
                    "depends_on": [
                        "aws_internet_gateway.voiceOpsBastionIgw",
                        "aws_route_table.voiceOpsBastionRt"
                    ],
                    "primary": {
                        "id": "r-rtb-2af1c84d1080289494",
                        "attributes": {
                            "destination_cidr_block": "0.0.0.0/0",
                            "destination_prefix_list_id": "",
                            "egress_only_gateway_id": "",
                            "gateway_id": "igw-9b165bff",
                            "id": "r-rtb-2af1c84d1080289494",
                            "instance_id": "",
                            "instance_owner_id": "",
                            "nat_gateway_id": "",
                            "network_interface_id": "",
                            "origin": "CreateRoute",
                            "route_table_id": "rtb-2af1c84d",
                            "state": "active",
                            "vpc_peering_connection_id": ""
                        },
                        "meta": {},
                        "tainted": false
                    },
                    "deposed": [],
                    "provider": ""
                },
                "aws_route_table.voiceOpsBastionRt": {
                    "type": "aws_route_table",
                    "depends_on": [
                        "aws_vpc.voiceOpsBastionVpc"
                    ],
                    "primary": {
                        "id": "rtb-2af1c84d",
                        "attributes": {
                            "id": "rtb-2af1c84d",
                            "propagating_vgws.#": "0",
                            "route.#": "1",
                            "route.3166714786.cidr_block": "0.0.0.0/0",
                            "route.3166714786.egress_only_gateway_id": "",
                            "route.3166714786.gateway_id": "igw-9b165bff",
                            "route.3166714786.instance_id": "",
                            "route.3166714786.ipv6_cidr_block": "",
                            "route.3166714786.nat_gateway_id": "",
                            "route.3166714786.network_interface_id": "",
                            "route.3166714786.vpc_peering_connection_id": "",
                            "tags.%": "1",
                            "tags.Name": "Bastion",
                            "vpc_id": "vpc-3efa5a59"
                        },
                        "meta": {},
                        "tainted": false
                    },
                    "deposed": [],
                    "provider": ""
                },
                "aws_route_table_association.voiceOpsBastionRta1a": {
                    "type": "aws_route_table_association",
                    "depends_on": [
                        "aws_route_table.voiceOpsBastionRt",
                        "aws_subnet.voiceOpsBastionSn1a"
                    ],
                    "primary": {
                        "id": "rtbassoc-0fe6b869",
                        "attributes": {
                            "id": "rtbassoc-0fe6b869",
                            "route_table_id": "rtb-2af1c84d",
                            "subnet_id": "subnet-e329c9b8"
                        },
                        "meta": {},
                        "tainted": false
                    },
                    "deposed": [],
                    "provider": ""
                },
                "aws_security_group.voiceOpsBastionSg": {
                    "type": "aws_security_group",
                    "depends_on": [
                        "aws_vpc.voiceOpsBastionVpc"
                    ],
                    "primary": {
                        "id": "sg-a732cddf",
                        "attributes": {
                            "description": "Security group for nodes",
                            "egress.#": "1",
                            "egress.482069346.cidr_blocks.#": "1",
                            "egress.482069346.cidr_blocks.0": "0.0.0.0/0",
                            "egress.482069346.from_port": "0",
                            "egress.482069346.ipv6_cidr_blocks.#": "0",
                            "egress.482069346.prefix_list_ids.#": "0",
                            "egress.482069346.protocol": "-1",
                            "egress.482069346.security_groups.#": "0",
                            "egress.482069346.self": "false",
                            "egress.482069346.to_port": "0",
                            "id": "sg-a732cddf",
                            "ingress.#": "1",
                            "ingress.753360330.cidr_blocks.#": "0",
                            "ingress.753360330.from_port": "0",
                            "ingress.753360330.ipv6_cidr_blocks.#": "0",
                            "ingress.753360330.protocol": "-1",
                            "ingress.753360330.security_groups.#": "0",
                            "ingress.753360330.self": "true",
                            "ingress.753360330.to_port": "0",
                            "name": "bastion.voiceops.capademy.com",
                            "owner_id": "717840979392",
                            "tags.%": "1",
                            "tags.Name": "bastion.voiceops.capademy.com",
                            "vpc_id": "vpc-3efa5a59"
                        },
                        "meta": {},
                        "tainted": false
                    },
                    "deposed": [],
                    "provider": ""
                },
                "aws_security_group_rule.SshExternalToBastion": {
                    "type": "aws_security_group_rule",
                    "depends_on": [
                        "aws_security_group.voiceOpsBastionSg"
                    ],
                    "primary": {
                        "id": "sgrule-3701391808",
                        "attributes": {
                            "cidr_blocks.#": "1",
                            "cidr_blocks.0": "0.0.0.0/0",
                            "from_port": "22",
                            "id": "sgrule-3701391808",
                            "protocol": "-1",
                            "security_group_id": "sg-a732cddf",
                            "self": "false",
                            "to_port": "22",
                            "type": "ingress"
                        },
                        "meta": {
                            "schema_version": "2"
                        },
                        "tainted": false
                    },
                    "deposed": [],
                    "provider": ""
                },
                "aws_security_group_rule.bastion-egress": {
                    "type": "aws_security_group_rule",
                    "depends_on": [
                        "aws_security_group.voiceOpsBastionSg"
                    ],
                    "primary": {
                        "id": "sgrule-3176137676",
                        "attributes": {
                            "cidr_blocks.#": "1",
                            "cidr_blocks.0": "0.0.0.0/0",
                            "from_port": "0",
                            "id": "sgrule-3176137676",
                            "ipv6_cidr_blocks.#": "0",
                            "prefix_list_ids.#": "0",
                            "protocol": "-1",
                            "security_group_id": "sg-a732cddf",
                            "self": "false",
                            "to_port": "0",
                            "type": "egress"
                        },
                        "meta": {
                            "schema_version": "2"
                        },
                        "tainted": false
                    },
                    "deposed": [],
                    "provider": ""
                },
                "aws_subnet.voiceOpsBastionSn1a": {
                    "type": "aws_subnet",
                    "depends_on": [
                        "aws_vpc.voiceOpsBastionVpc"
                    ],
                    "primary": {
                        "id": "subnet-e329c9b8",
                        "attributes": {
                            "assign_ipv6_address_on_creation": "false",
                            "availability_zone": "eu-west-1a",
                            "cidr_block": "172.30.30.0/24",
                            "id": "subnet-e329c9b8",
                            "map_public_ip_on_launch": "false",
                            "tags.%": "1",
                            "tags.Name": "Bastion",
                            "vpc_id": "vpc-3efa5a59"
                        },
                        "meta": {},
                        "tainted": false
                    },
                    "deposed": [],
                    "provider": ""
                },
                "aws_vpc.voiceOpsBastionVpc": {
                    "type": "aws_vpc",
                    "depends_on": [],
                    "primary": {
                        "id": "vpc-3efa5a59",
                        "attributes": {
                            "assign_generated_ipv6_cidr_block": "false",
                            "cidr_block": "172.30.30.0/24",
                            "default_network_acl_id": "acl-cb9ee8ac",
                            "default_route_table_id": "rtb-10ffc677",
                            "default_security_group_id": "sg-632fd01b",
                            "dhcp_options_id": "dopt-3a4e265e",
                            "enable_classiclink": "false",
                            "enable_dns_hostnames": "true",
                            "enable_dns_support": "true",
                            "id": "vpc-3efa5a59",
                            "instance_tenancy": "default",
                            "main_route_table_id": "rtb-10ffc677",
                            "tags.%": "1",
                            "tags.Name": "Bastion"
                        },
                        "meta": {
                            "schema_version": "1"
                        },
                        "tainted": false
                    },
                    "deposed": [],
                    "provider": ""
                }
            },
            "depends_on": []
        }
    ]
}
