{
    "version": 3,
    "terraform_version": "0.9.3",
    "serial": 42,
    "lineage": "dfdbe586-9a3c-4a12-8406-663a631cc93b",
    "modules": [
        {
            "path": [
                "root"
            ],
            "outputs": {},
            "resources": {
                "aws_iam_instance_profile.voiceOpsBastionInstanceProfile": {
                    "type": "aws_iam_instance_profile",
                    "depends_on": [
                        "aws_iam_role.voiceOpsBastionIamRole"
                    ],
                    "primary": {
                        "id": "voiceOpsBastion",
                        "attributes": {
                            "arn": "arn:aws:iam::717840979392:instance-profile/voiceOpsBastion",
                            "id": "voiceOpsBastion",
                            "name": "voiceOpsBastion",
                            "path": "/",
                            "role": "voiceOpsBastion",
                            "roles.#": "1",
                            "roles.648197434": "voiceOpsBastion",
                            "unique_id": "AIPAI52YIK6PDZXMFFCCE"
                        },
                        "meta": {},
                        "tainted": false
                    },
                    "deposed": [],
                    "provider": ""
                },
                "aws_iam_role.voiceOpsBastionIamRole": {
                    "type": "aws_iam_role",
                    "depends_on": [],
                    "primary": {
                        "id": "voiceOpsBastion",
                        "attributes": {
                            "arn": "arn:aws:iam::717840979392:role/voiceOpsBastion",
                            "assume_role_policy": "{\"Version\":\"2012-10-17\",\"Statement\":[{\"Effect\":\"Allow\",\"Principal\":{\"Service\":\"ec2.amazonaws.com\"},\"Action\":\"sts:AssumeRole\"}]}",
                            "create_date": "2017-06-27T22:51:43Z",
                            "id": "voiceOpsBastion",
                            "name": "voiceOpsBastion",
                            "path": "/",
                            "unique_id": "AROAIZPB7AJFWIFVUH5IA"
                        },
                        "meta": {},
                        "tainted": false
                    },
                    "deposed": [],
                    "provider": ""
                },
                "aws_iam_role_policy.voiceOpsBastionIamRolePolicy": {
                    "type": "aws_iam_role_policy",
                    "depends_on": [
                        "aws_iam_role.voiceOpsBastionIamRole"
                    ],
                    "primary": {
                        "id": "voiceOpsBastion:voiceOpsBastion",
                        "attributes": {
                            "id": "voiceOpsBastion:voiceOpsBastion",
                            "name": "voiceOpsBastion",
                            "policy": "{\n  \"Version\": \"2012-10-17\",\n  \"Statement\": [\n    {\n      \"Effect\": \"Allow\",\n      \"Action\": [\n        \"ecr:*\"\n      ],\n      \"Resource\": [\n        \"*\"\n      ]\n    },\n    {\n      \"Effect\": \"Allow\",\n      \"Action\": [\n        \"ec2:*\"\n      ],\n      \"Resource\": [\n        \"*\"\n      ]\n    },\n    {\n      \"Effect\": \"Allow\",\n      \"Action\": [\n        \"iam:*\"\n      ],\n      \"Resource\": [\n        \"*\"\n      ]\n    },\n    {\n      \"Effect\": \"Allow\",\n      \"Action\": [\n        \"autoscaling:*\"\n      ],\n      \"Resource\": [\n        \"*\"\n      ]\n    },\n    {\n      \"Effect\": \"Allow\",\n      \"Action\": [\n        \"elasticloadbalancing:*\"\n      ],\n      \"Resource\": [\n        \"*\"\n      ]\n    },\n    {\n      \"Effect\": \"Allow\",\n      \"Action\": [\n        \"route53:*\"\n      ],\n      \"Resource\": [\n        \"*\"\n      ]\n    },\n    {\n      \"Effect\": \"Allow\",\n      \"Action\": [\n        \"s3:*\"\n      ],\n      \"Resource\": [\n        \"*\"\n      ]\n    }\n  ]\n}\n",
                            "role": "voiceOpsBastion"
                        },
                        "meta": {},
                        "tainted": false
                    },
                    "deposed": [],
                    "provider": ""
                },
                "aws_instance.voiceOpsBastion": {
                    "type": "aws_instance",
                    "depends_on": [
                        "aws_iam_instance_profile.voiceOpsBastionInstanceProfile",
                        "aws_security_group.voiceOpsBastionSg",
                        "aws_subnet.voiceOpsBastionSn1a"
                    ],
                    "primary": {
                        "id": "i-01d47548b89532df7",
                        "attributes": {
                            "ami": "ami-7d50491b",
                            "associate_public_ip_address": "true",
                            "availability_zone": "eu-west-1a",
                            "disable_api_termination": "false",
                            "ebs_block_device.#": "0",
                            "ebs_optimized": "false",
                            "ephemeral_block_device.#": "0",
                            "iam_instance_profile": "voiceOpsBastion",
                            "id": "i-01d47548b89532df7",
                            "instance_state": "running",
                            "instance_type": "t2.micro",
                            "ipv6_address_count": "0",
                            "ipv6_addresses.#": "0",
                            "key_name": "voiceOpsBastion",
                            "monitoring": "false",
                            "network_interface_id": "eni-6338656c",
                            "private_dns": "ip-172-30-30-50.eu-west-1.compute.internal",
                            "private_ip": "172.30.30.50",
                            "public_dns": "ec2-52-215-250-235.eu-west-1.compute.amazonaws.com",
                            "public_ip": "52.215.250.235",
                            "root_block_device.#": "1",
                            "root_block_device.0.delete_on_termination": "true",
                            "root_block_device.0.iops": "100",
                            "root_block_device.0.volume_size": "20",
                            "root_block_device.0.volume_type": "gp2",
                            "security_groups.#": "0",
                            "source_dest_check": "true",
                            "subnet_id": "subnet-5fcf2c04",
                            "tags.%": "2",
                            "tags.KeepRunning": "true",
                            "tags.Name": "Bastion",
                            "tenancy": "default",
                            "vpc_security_group_ids.#": "1",
                            "vpc_security_group_ids.4137046941": "sg-d7a75faf"
                        },
                        "meta": {
                            "schema_version": "1"
                        },
                        "tainted": false
                    },
                    "deposed": [],
                    "provider": ""
                },
                "aws_internet_gateway.voiceOpsBastionIgw": {
                    "type": "aws_internet_gateway",
                    "depends_on": [
                        "aws_vpc.voiceOpsBastionVpc"
                    ],
                    "primary": {
                        "id": "igw-8be5a8ef",
                        "attributes": {
                            "id": "igw-8be5a8ef",
                            "tags.%": "1",
                            "tags.Name": "Bastion",
                            "vpc_id": "vpc-edf1528a"
                        },
                        "meta": {},
                        "tainted": false
                    },
                    "deposed": [],
                    "provider": ""
                },
                "aws_route.bastionR": {
                    "type": "aws_route",
                    "depends_on": [
                        "aws_internet_gateway.voiceOpsBastionIgw",
                        "aws_route_table.voiceOpsBastionRt"
                    ],
                    "primary": {
                        "id": "r-rtb-7ac6fe1d1080289494",
                        "attributes": {
                            "destination_cidr_block": "0.0.0.0/0",
                            "destination_prefix_list_id": "",
                            "egress_only_gateway_id": "",
                            "gateway_id": "igw-8be5a8ef",
                            "id": "r-rtb-7ac6fe1d1080289494",
                            "instance_id": "",
                            "instance_owner_id": "",
                            "nat_gateway_id": "",
                            "network_interface_id": "",
                            "origin": "CreateRoute",
                            "route_table_id": "rtb-7ac6fe1d",
                            "state": "active",
                            "vpc_peering_connection_id": ""
                        },
                        "meta": {},
                        "tainted": false
                    },
                    "deposed": [],
                    "provider": ""
                },
                "aws_route_table.voiceOpsBastionRt": {
                    "type": "aws_route_table",
                    "depends_on": [
                        "aws_vpc.voiceOpsBastionVpc"
                    ],
                    "primary": {
                        "id": "rtb-7ac6fe1d",
                        "attributes": {
                            "id": "rtb-7ac6fe1d",
                            "propagating_vgws.#": "0",
                            "route.#": "1",
                            "route.1583101855.cidr_block": "0.0.0.0/0",
                            "route.1583101855.egress_only_gateway_id": "",
                            "route.1583101855.gateway_id": "igw-8be5a8ef",
                            "route.1583101855.instance_id": "",
                            "route.1583101855.ipv6_cidr_block": "",
                            "route.1583101855.nat_gateway_id": "",
                            "route.1583101855.network_interface_id": "",
                            "route.1583101855.vpc_peering_connection_id": "",
                            "tags.%": "1",
                            "tags.Name": "Bastion",
                            "vpc_id": "vpc-edf1528a"
                        },
                        "meta": {},
                        "tainted": false
                    },
                    "deposed": [],
                    "provider": ""
                },
                "aws_route_table_association.voiceOpsBastionRta1a": {
                    "type": "aws_route_table_association",
                    "depends_on": [
                        "aws_route_table.voiceOpsBastionRt",
                        "aws_subnet.voiceOpsBastionSn1a"
                    ],
                    "primary": {
                        "id": "rtbassoc-19ce967f",
                        "attributes": {
                            "id": "rtbassoc-19ce967f",
                            "route_table_id": "rtb-7ac6fe1d",
                            "subnet_id": "subnet-5fcf2c04"
                        },
                        "meta": {},
                        "tainted": false
                    },
                    "deposed": [],
                    "provider": ""
                },
                "aws_security_group.voiceOpsBastionSg": {
                    "type": "aws_security_group",
                    "depends_on": [
                        "aws_vpc.voiceOpsBastionVpc"
                    ],
                    "primary": {
                        "id": "sg-d7a75faf",
                        "attributes": {
                            "description": "Security group for bastion",
                            "egress.#": "1",
                            "egress.482069346.cidr_blocks.#": "1",
                            "egress.482069346.cidr_blocks.0": "0.0.0.0/0",
                            "egress.482069346.from_port": "0",
                            "egress.482069346.ipv6_cidr_blocks.#": "0",
                            "egress.482069346.prefix_list_ids.#": "0",
                            "egress.482069346.protocol": "-1",
                            "egress.482069346.security_groups.#": "0",
                            "egress.482069346.self": "false",
                            "egress.482069346.to_port": "0",
                            "id": "sg-d7a75faf",
                            "ingress.#": "1",
                            "ingress.482069346.cidr_blocks.#": "1",
                            "ingress.482069346.cidr_blocks.0": "0.0.0.0/0",
                            "ingress.482069346.from_port": "0",
                            "ingress.482069346.ipv6_cidr_blocks.#": "0",
                            "ingress.482069346.protocol": "-1",
                            "ingress.482069346.security_groups.#": "0",
                            "ingress.482069346.self": "false",
                            "ingress.482069346.to_port": "0",
                            "name": "bastion.voiceops.capademy.com",
                            "owner_id": "717840979392",
                            "tags.%": "1",
                            "tags.Name": "bastion.voiceops.capademy.com",
                            "vpc_id": "vpc-edf1528a"
                        },
                        "meta": {},
                        "tainted": false
                    },
                    "deposed": [],
                    "provider": ""
                },
                "aws_security_group_rule.bastionEgress": {
                    "type": "aws_security_group_rule",
                    "depends_on": [
                        "aws_security_group.voiceOpsBastionSg"
                    ],
                    "primary": {
                        "id": "sgrule-3668064862",
                        "attributes": {
                            "cidr_blocks.#": "1",
                            "cidr_blocks.0": "0.0.0.0/0",
                            "from_port": "0",
                            "id": "sgrule-3668064862",
                            "protocol": "tcp",
                            "security_group_id": "sg-d7a75faf",
                            "self": "false",
                            "to_port": "65535",
                            "type": "egress"
                        },
                        "meta": {
                            "schema_version": "2"
                        },
                        "tainted": false
                    },
                    "deposed": [],
                    "provider": ""
                },
                "aws_security_group_rule.sshBastionIngress": {
                    "type": "aws_security_group_rule",
                    "depends_on": [
                        "aws_security_group.voiceOpsBastionSg"
                    ],
                    "primary": {
                        "id": "sgrule-2984353490",
                        "attributes": {
                            "cidr_blocks.#": "1",
                            "cidr_blocks.0": "0.0.0.0/0",
                            "from_port": "22",
                            "id": "sgrule-2984353490",
                            "protocol": "tcp",
                            "security_group_id": "sg-d7a75faf",
                            "self": "false",
                            "to_port": "22",
                            "type": "ingress"
                        },
                        "meta": {
                            "schema_version": "2"
                        },
                        "tainted": false
                    },
                    "deposed": [],
                    "provider": ""
                },
                "aws_subnet.voiceOpsBastionSn1a": {
                    "type": "aws_subnet",
                    "depends_on": [
                        "aws_vpc.voiceOpsBastionVpc"
                    ],
                    "primary": {
                        "id": "subnet-5fcf2c04",
                        "attributes": {
                            "assign_ipv6_address_on_creation": "false",
                            "availability_zone": "eu-west-1a",
                            "cidr_block": "172.30.30.0/24",
                            "id": "subnet-5fcf2c04",
                            "map_public_ip_on_launch": "false",
                            "tags.%": "1",
                            "tags.Name": "Bastion",
                            "vpc_id": "vpc-edf1528a"
                        },
                        "meta": {},
                        "tainted": false
                    },
                    "deposed": [],
                    "provider": ""
                },
                "aws_vpc.voiceOpsBastionVpc": {
                    "type": "aws_vpc",
                    "depends_on": [],
                    "primary": {
                        "id": "vpc-edf1528a",
                        "attributes": {
                            "assign_generated_ipv6_cidr_block": "false",
                            "cidr_block": "172.30.30.0/24",
                            "default_network_acl_id": "acl-4cf0812b",
                            "default_route_table_id": "rtb-35b88052",
                            "default_security_group_id": "sg-c79860bf",
                            "dhcp_options_id": "dopt-3a4e265e",
                            "enable_classiclink": "false",
                            "enable_dns_hostnames": "true",
                            "enable_dns_support": "true",
                            "id": "vpc-edf1528a",
                            "instance_tenancy": "default",
                            "main_route_table_id": "rtb-35b88052",
                            "tags.%": "1",
                            "tags.Name": "Bastion"
                        },
                        "meta": {
                            "schema_version": "1"
                        },
                        "tainted": false
                    },
                    "deposed": [],
                    "provider": ""
                }
            },
            "depends_on": []
        }
    ]
}
