{
    "version": 3,
    "terraform_version": "0.9.3",
    "serial": 11,
    "lineage": "7aed77db-9582-4fe9-b644-78cbec417a88",
    "modules": [
        {
            "path": [
                "root"
            ],
            "outputs": {},
            "resources": {
                "azurerm_availability_set.voiceOpsAsMasters": {
                    "type": "azurerm_availability_set",
                    "depends_on": [
                        "azurerm_resource_group.voiceOpsRm"
                    ],
                    "primary": {
                        "id": "/subscriptions/efd90ad3-ad5f-4926-b698-c63251dce50c/resourceGroups/voiceOpsResourceGroup/providers/Microsoft.Compute/availabilitySets/voiceOpsMastersAs",
                        "attributes": {
                            "id": "/subscriptions/efd90ad3-ad5f-4926-b698-c63251dce50c/resourceGroups/voiceOpsResourceGroup/providers/Microsoft.Compute/availabilitySets/voiceOpsMastersAs",
                            "location": "ukwest",
                            "managed": "false",
                            "name": "voiceOpsMastersAs",
                            "platform_fault_domain_count": "3",
                            "platform_update_domain_count": "5",
                            "resource_group_name": "voiceOpsResourceGroup",
                            "tags.%": "1",
                            "tags.environment": "Production"
                        },
                        "meta": {},
                        "tainted": false
                    },
                    "deposed": [],
                    "provider": ""
                },
                "azurerm_availability_set.voiceOpsAsNodes": {
                    "type": "azurerm_availability_set",
                    "depends_on": [
                        "azurerm_resource_group.voiceOpsRm"
                    ],
                    "primary": {
                        "id": "/subscriptions/efd90ad3-ad5f-4926-b698-c63251dce50c/resourceGroups/voiceOpsResourceGroup/providers/Microsoft.Compute/availabilitySets/voiceOpsNodesAs",
                        "attributes": {
                            "id": "/subscriptions/efd90ad3-ad5f-4926-b698-c63251dce50c/resourceGroups/voiceOpsResourceGroup/providers/Microsoft.Compute/availabilitySets/voiceOpsNodesAs",
                            "location": "ukwest",
                            "managed": "false",
                            "name": "voiceOpsNodesAs",
                            "platform_fault_domain_count": "3",
                            "platform_update_domain_count": "5",
                            "resource_group_name": "voiceOpsResourceGroup",
                            "tags.%": "1",
                            "tags.environment": "Production"
                        },
                        "meta": {},
                        "tainted": false
                    },
                    "deposed": [],
                    "provider": ""
                },
                "azurerm_network_interface.voiceOpsNiMasters": {
                    "type": "azurerm_network_interface",
                    "depends_on": [
                        "azurerm_resource_group.voiceOpsRm",
                        "azurerm_subnet.voiceOpsSnMasters"
                    ],
                    "primary": {
                        "id": "/subscriptions/efd90ad3-ad5f-4926-b698-c63251dce50c/resourceGroups/voiceOpsResourceGroup/providers/Microsoft.Network/networkInterfaces/vonim0",
                        "attributes": {
                            "applied_dns_servers.#": "0",
                            "dns_servers.#": "0",
                            "enable_ip_forwarding": "false",
                            "id": "/subscriptions/efd90ad3-ad5f-4926-b698-c63251dce50c/resourceGroups/voiceOpsResourceGroup/providers/Microsoft.Network/networkInterfaces/vonim0",
                            "ip_configuration.#": "1",
                            "ip_configuration.1781234131.load_balancer_backend_address_pools_ids.#": "0",
                            "ip_configuration.1781234131.load_balancer_inbound_nat_rules_ids.#": "0",
                            "ip_configuration.1781234131.name": "voiceOpsIpConfigMasters",
                            "ip_configuration.1781234131.private_ip_address": "",
                            "ip_configuration.1781234131.private_ip_address_allocation": "dynamic",
                            "ip_configuration.1781234131.public_ip_address_id": "",
                            "ip_configuration.1781234131.subnet_id": "/subscriptions/efd90ad3-ad5f-4926-b698-c63251dce50c/resourceGroups/voiceOpsResourceGroup/providers/Microsoft.Network/virtualNetworks/voiceOpsNetwork/subnets/masters",
                            "location": "ukwest",
                            "name": "vonim0",
                            "private_ip_address": "172.16.11.4",
                            "resource_group_name": "voiceOpsResourceGroup",
                            "tags.%": "0"
                        },
                        "meta": {},
                        "tainted": false
                    },
                    "deposed": [],
                    "provider": ""
                },
                "azurerm_network_interface.voiceOpsNiNodes.0": {
                    "type": "azurerm_network_interface",
                    "depends_on": [
                        "azurerm_resource_group.voiceOpsRm",
                        "azurerm_subnet.voiceOpsSnNodes"
                    ],
                    "primary": {
                        "id": "/subscriptions/efd90ad3-ad5f-4926-b698-c63251dce50c/resourceGroups/voiceOpsResourceGroup/providers/Microsoft.Network/networkInterfaces/vonin0",
                        "attributes": {
                            "applied_dns_servers.#": "0",
                            "dns_servers.#": "0",
                            "enable_ip_forwarding": "false",
                            "id": "/subscriptions/efd90ad3-ad5f-4926-b698-c63251dce50c/resourceGroups/voiceOpsResourceGroup/providers/Microsoft.Network/networkInterfaces/vonin0",
                            "ip_configuration.#": "1",
                            "ip_configuration.837484163.load_balancer_backend_address_pools_ids.#": "0",
                            "ip_configuration.837484163.load_balancer_inbound_nat_rules_ids.#": "0",
                            "ip_configuration.837484163.name": "voiceOpsIpConfigNodes",
                            "ip_configuration.837484163.private_ip_address": "",
                            "ip_configuration.837484163.private_ip_address_allocation": "dynamic",
                            "ip_configuration.837484163.public_ip_address_id": "",
                            "ip_configuration.837484163.subnet_id": "/subscriptions/efd90ad3-ad5f-4926-b698-c63251dce50c/resourceGroups/voiceOpsResourceGroup/providers/Microsoft.Network/virtualNetworks/voiceOpsNetwork/subnets/nodes",
                            "location": "ukwest",
                            "name": "vonin0",
                            "private_ip_address": "172.16.12.6",
                            "resource_group_name": "voiceOpsResourceGroup",
                            "tags.%": "0"
                        },
                        "meta": {},
                        "tainted": false
                    },
                    "deposed": [],
                    "provider": ""
                },
                "azurerm_network_interface.voiceOpsNiNodes.1": {
                    "type": "azurerm_network_interface",
                    "depends_on": [
                        "azurerm_resource_group.voiceOpsRm",
                        "azurerm_subnet.voiceOpsSnNodes"
                    ],
                    "primary": {
                        "id": "/subscriptions/efd90ad3-ad5f-4926-b698-c63251dce50c/resourceGroups/voiceOpsResourceGroup/providers/Microsoft.Network/networkInterfaces/vonin1",
                        "attributes": {
                            "applied_dns_servers.#": "0",
                            "dns_servers.#": "0",
                            "enable_ip_forwarding": "false",
                            "id": "/subscriptions/efd90ad3-ad5f-4926-b698-c63251dce50c/resourceGroups/voiceOpsResourceGroup/providers/Microsoft.Network/networkInterfaces/vonin1",
                            "ip_configuration.#": "1",
                            "ip_configuration.837484163.load_balancer_backend_address_pools_ids.#": "0",
                            "ip_configuration.837484163.load_balancer_inbound_nat_rules_ids.#": "0",
                            "ip_configuration.837484163.name": "voiceOpsIpConfigNodes",
                            "ip_configuration.837484163.private_ip_address": "",
                            "ip_configuration.837484163.private_ip_address_allocation": "dynamic",
                            "ip_configuration.837484163.public_ip_address_id": "",
                            "ip_configuration.837484163.subnet_id": "/subscriptions/efd90ad3-ad5f-4926-b698-c63251dce50c/resourceGroups/voiceOpsResourceGroup/providers/Microsoft.Network/virtualNetworks/voiceOpsNetwork/subnets/nodes",
                            "location": "ukwest",
                            "mac_address": "00-22-48-00-18-D2",
                            "name": "vonin1",
                            "private_ip_address": "172.16.12.5",
                            "resource_group_name": "voiceOpsResourceGroup",
                            "tags.%": "0",
                            "virtual_machine_id": "/subscriptions/efd90ad3-ad5f-4926-b698-c63251dce50c/resourceGroups/voiceOpsResourceGroup/providers/Microsoft.Compute/virtualMachines/vonvm1"
                        },
                        "meta": {},
                        "tainted": false
                    },
                    "deposed": [],
                    "provider": ""
                },
                "azurerm_network_interface.voiceOpsNiNodes.2": {
                    "type": "azurerm_network_interface",
                    "depends_on": [
                        "azurerm_resource_group.voiceOpsRm",
                        "azurerm_subnet.voiceOpsSnNodes"
                    ],
                    "primary": {
                        "id": "/subscriptions/efd90ad3-ad5f-4926-b698-c63251dce50c/resourceGroups/voiceOpsResourceGroup/providers/Microsoft.Network/networkInterfaces/vonin2",
                        "attributes": {
                            "applied_dns_servers.#": "0",
                            "dns_servers.#": "0",
                            "enable_ip_forwarding": "false",
                            "id": "/subscriptions/efd90ad3-ad5f-4926-b698-c63251dce50c/resourceGroups/voiceOpsResourceGroup/providers/Microsoft.Network/networkInterfaces/vonin2",
                            "ip_configuration.#": "1",
                            "ip_configuration.837484163.load_balancer_backend_address_pools_ids.#": "0",
                            "ip_configuration.837484163.load_balancer_inbound_nat_rules_ids.#": "0",
                            "ip_configuration.837484163.name": "voiceOpsIpConfigNodes",
                            "ip_configuration.837484163.private_ip_address": "",
                            "ip_configuration.837484163.private_ip_address_allocation": "dynamic",
                            "ip_configuration.837484163.public_ip_address_id": "",
                            "ip_configuration.837484163.subnet_id": "/subscriptions/efd90ad3-ad5f-4926-b698-c63251dce50c/resourceGroups/voiceOpsResourceGroup/providers/Microsoft.Network/virtualNetworks/voiceOpsNetwork/subnets/nodes",
                            "location": "ukwest",
                            "mac_address": "00-22-48-00-43-7B",
                            "name": "vonin2",
                            "private_ip_address": "172.16.12.4",
                            "resource_group_name": "voiceOpsResourceGroup",
                            "tags.%": "0",
                            "virtual_machine_id": "/subscriptions/efd90ad3-ad5f-4926-b698-c63251dce50c/resourceGroups/voiceOpsResourceGroup/providers/Microsoft.Compute/virtualMachines/vonvm2"
                        },
                        "meta": {},
                        "tainted": false
                    },
                    "deposed": [],
                    "provider": ""
                },
                "azurerm_resource_group.voiceOpsRm": {
                    "type": "azurerm_resource_group",
                    "depends_on": [],
                    "primary": {
                        "id": "/subscriptions/efd90ad3-ad5f-4926-b698-c63251dce50c/resourceGroups/voiceOpsResourceGroup",
                        "attributes": {
                            "id": "/subscriptions/efd90ad3-ad5f-4926-b698-c63251dce50c/resourceGroups/voiceOpsResourceGroup",
                            "location": "ukwest",
                            "name": "voiceOpsResourceGroup",
                            "tags.%": "1",
                            "tags.environment": "Production"
                        },
                        "meta": {},
                        "tainted": false
                    },
                    "deposed": [],
                    "provider": ""
                },
                "azurerm_subnet.voiceOpsSnMasters": {
                    "type": "azurerm_subnet",
                    "depends_on": [
                        "azurerm_resource_group.voiceOpsRm",
                        "azurerm_virtual_network.voiceOpsVn"
                    ],
                    "primary": {
                        "id": "/subscriptions/efd90ad3-ad5f-4926-b698-c63251dce50c/resourceGroups/voiceOpsResourceGroup/providers/Microsoft.Network/virtualNetworks/voiceOpsNetwork/subnets/masters",
                        "attributes": {
                            "address_prefix": "172.16.11.0/24",
                            "id": "/subscriptions/efd90ad3-ad5f-4926-b698-c63251dce50c/resourceGroups/voiceOpsResourceGroup/providers/Microsoft.Network/virtualNetworks/voiceOpsNetwork/subnets/masters",
                            "ip_configurations.#": "1",
                            "ip_configurations.2635908257": "/subscriptions/efd90ad3-ad5f-4926-b698-c63251dce50c/resourceGroups/voiceOpsResourceGroup/providers/Microsoft.Network/networkInterfaces/vonim0/ipConfigurations/voiceOpsIpConfigMasters",
                            "name": "masters",
                            "resource_group_name": "voiceOpsResourceGroup",
                            "virtual_network_name": "voiceOpsNetwork"
                        },
                        "meta": {},
                        "tainted": false
                    },
                    "deposed": [],
                    "provider": ""
                },
                "azurerm_subnet.voiceOpsSnNodes": {
                    "type": "azurerm_subnet",
                    "depends_on": [
                        "azurerm_resource_group.voiceOpsRm",
                        "azurerm_virtual_network.voiceOpsVn"
                    ],
                    "primary": {
                        "id": "/subscriptions/efd90ad3-ad5f-4926-b698-c63251dce50c/resourceGroups/voiceOpsResourceGroup/providers/Microsoft.Network/virtualNetworks/voiceOpsNetwork/subnets/nodes",
                        "attributes": {
                            "address_prefix": "172.16.12.0/24",
                            "id": "/subscriptions/efd90ad3-ad5f-4926-b698-c63251dce50c/resourceGroups/voiceOpsResourceGroup/providers/Microsoft.Network/virtualNetworks/voiceOpsNetwork/subnets/nodes",
                            "ip_configurations.#": "3",
                            "ip_configurations.1297846943": "/subscriptions/efd90ad3-ad5f-4926-b698-c63251dce50c/resourceGroups/voiceOpsResourceGroup/providers/Microsoft.Network/networkInterfaces/vonin0/ipConfigurations/voiceOpsIpConfigNodes",
                            "ip_configurations.3366170704": "/subscriptions/efd90ad3-ad5f-4926-b698-c63251dce50c/resourceGroups/voiceOpsResourceGroup/providers/Microsoft.Network/networkInterfaces/vonin2/ipConfigurations/voiceOpsIpConfigNodes",
                            "ip_configurations.3793682648": "/subscriptions/efd90ad3-ad5f-4926-b698-c63251dce50c/resourceGroups/voiceOpsResourceGroup/providers/Microsoft.Network/networkInterfaces/vonin1/ipConfigurations/voiceOpsIpConfigNodes",
                            "name": "nodes",
                            "resource_group_name": "voiceOpsResourceGroup",
                            "virtual_network_name": "voiceOpsNetwork"
                        },
                        "meta": {},
                        "tainted": false
                    },
                    "deposed": [],
                    "provider": ""
                },
                "azurerm_virtual_machine.voiceOpsMasters": {
                    "type": "azurerm_virtual_machine",
                    "depends_on": [
                        "azurerm_network_interface.voiceOpsNiMasters.*",
                        "azurerm_resource_group.voiceOpsRm"
                    ],
                    "primary": {
                        "id": "/subscriptions/efd90ad3-ad5f-4926-b698-c63251dce50c/resourceGroups/voiceOpsResourceGroup/providers/Microsoft.Compute/virtualMachines/vomvm0",
                        "attributes": {
                            "delete_data_disks_on_termination": "false",
                            "delete_os_disk_on_termination": "false",
                            "id": "/subscriptions/efd90ad3-ad5f-4926-b698-c63251dce50c/resourceGroups/voiceOpsResourceGroup/providers/Microsoft.Compute/virtualMachines/vomvm0",
                            "location": "ukwest",
                            "name": "vomvm0",
                            "network_interface_ids.#": "1",
                            "network_interface_ids.2278403701": "/subscriptions/efd90ad3-ad5f-4926-b698-c63251dce50c/resourceGroups/voiceOpsResourceGroup/providers/Microsoft.Network/networkInterfaces/vonim0",
                            "os_profile.#": "1",
                            "os_profile.2985323757.admin_password": "",
                            "os_profile.2985323757.admin_username": "voiceops",
                            "os_profile.2985323757.computer_name": "voiceops-master0",
                            "os_profile.2985323757.custom_data": "",
                            "os_profile_linux_config.#": "1",
                            "os_profile_linux_config.2972667452.disable_password_authentication": "false",
                            "os_profile_linux_config.2972667452.ssh_keys.#": "0",
                            "os_profile_secrets.#": "0",
                            "resource_group_name": "voiceOpsResourceGroup",
                            "storage_data_disk.#": "0",
                            "storage_image_reference.#": "1",
                            "storage_image_reference.253161445.offer": "Debian",
                            "storage_image_reference.253161445.publisher": "credativ",
                            "storage_image_reference.253161445.sku": "9",
                            "storage_image_reference.253161445.version": "latest",
                            "storage_os_disk.#": "1",
                            "storage_os_disk.2873203211.caching": "ReadWrite",
                            "storage_os_disk.2873203211.create_option": "FromImage",
                            "storage_os_disk.2873203211.disk_size_gb": "80",
                            "storage_os_disk.2873203211.image_uri": "",
                            "storage_os_disk.2873203211.managed_disk_id": "/subscriptions/efd90ad3-ad5f-4926-b698-c63251dce50c/resourceGroups/voiceOpsResourceGroup/providers/Microsoft.Compute/disks/osdiskm0",
                            "storage_os_disk.2873203211.managed_disk_type": "Standard_LRS",
                            "storage_os_disk.2873203211.name": "osdiskm0",
                            "storage_os_disk.2873203211.os_type": "",
                            "storage_os_disk.2873203211.vhd_uri": "",
                            "tags.%": "1",
                            "tags.environment": "production",
                            "vm_size": "Standard_A1_v2"
                        },
                        "meta": {},
                        "tainted": false
                    },
                    "deposed": [],
                    "provider": ""
                },
                "azurerm_virtual_machine.voiceOpsNodes.0": {
                    "type": "azurerm_virtual_machine",
                    "depends_on": [
                        "azurerm_network_interface.voiceOpsNiNodes.*",
                        "azurerm_resource_group.voiceOpsRm"
                    ],
                    "primary": {
                        "id": "/subscriptions/efd90ad3-ad5f-4926-b698-c63251dce50c/resourceGroups/voiceOpsResourceGroup/providers/Microsoft.Compute/virtualMachines/vonvm0",
                        "attributes": {
                            "delete_data_disks_on_termination": "false",
                            "delete_os_disk_on_termination": "false",
                            "id": "/subscriptions/efd90ad3-ad5f-4926-b698-c63251dce50c/resourceGroups/voiceOpsResourceGroup/providers/Microsoft.Compute/virtualMachines/vonvm0",
                            "location": "ukwest",
                            "name": "vonvm0",
                            "network_interface_ids.#": "1",
                            "network_interface_ids.2900426166": "/subscriptions/efd90ad3-ad5f-4926-b698-c63251dce50c/resourceGroups/voiceOpsResourceGroup/providers/Microsoft.Network/networkInterfaces/vonin0",
                            "os_profile.#": "1",
                            "os_profile.3790642906.admin_password": "",
                            "os_profile.3790642906.admin_username": "voiceops",
                            "os_profile.3790642906.computer_name": "voiceops-node0",
                            "os_profile.3790642906.custom_data": "",
                            "os_profile_linux_config.#": "1",
                            "os_profile_linux_config.2972667452.disable_password_authentication": "false",
                            "os_profile_linux_config.2972667452.ssh_keys.#": "0",
                            "os_profile_secrets.#": "0",
                            "resource_group_name": "voiceOpsResourceGroup",
                            "storage_data_disk.#": "0",
                            "storage_image_reference.#": "1",
                            "storage_image_reference.253161445.offer": "Debian",
                            "storage_image_reference.253161445.publisher": "credativ",
                            "storage_image_reference.253161445.sku": "9",
                            "storage_image_reference.253161445.version": "latest",
                            "storage_os_disk.#": "1",
                            "storage_os_disk.3119789541.caching": "ReadWrite",
                            "storage_os_disk.3119789541.create_option": "FromImage",
                            "storage_os_disk.3119789541.disk_size_gb": "80",
                            "storage_os_disk.3119789541.image_uri": "",
                            "storage_os_disk.3119789541.managed_disk_id": "/subscriptions/efd90ad3-ad5f-4926-b698-c63251dce50c/resourceGroups/voiceOpsResourceGroup/providers/Microsoft.Compute/disks/osdiskn0",
                            "storage_os_disk.3119789541.managed_disk_type": "Standard_LRS",
                            "storage_os_disk.3119789541.name": "osdiskn0",
                            "storage_os_disk.3119789541.os_type": "",
                            "storage_os_disk.3119789541.vhd_uri": "",
                            "tags.%": "1",
                            "tags.environment": "production",
                            "vm_size": "Standard_A1_v2"
                        },
                        "meta": {},
                        "tainted": false
                    },
                    "deposed": [],
                    "provider": ""
                },
                "azurerm_virtual_machine.voiceOpsNodes.1": {
                    "type": "azurerm_virtual_machine",
                    "depends_on": [
                        "azurerm_network_interface.voiceOpsNiNodes.*",
                        "azurerm_resource_group.voiceOpsRm"
                    ],
                    "primary": {
                        "id": "/subscriptions/efd90ad3-ad5f-4926-b698-c63251dce50c/resourceGroups/voiceOpsResourceGroup/providers/Microsoft.Compute/virtualMachines/vonvm1",
                        "attributes": {
                            "delete_data_disks_on_termination": "false",
                            "delete_os_disk_on_termination": "false",
                            "id": "/subscriptions/efd90ad3-ad5f-4926-b698-c63251dce50c/resourceGroups/voiceOpsResourceGroup/providers/Microsoft.Compute/virtualMachines/vonvm1",
                            "location": "ukwest",
                            "name": "vonvm1",
                            "network_interface_ids.#": "1",
                            "network_interface_ids.3689401632": "/subscriptions/efd90ad3-ad5f-4926-b698-c63251dce50c/resourceGroups/voiceOpsResourceGroup/providers/Microsoft.Network/networkInterfaces/vonin1",
                            "os_profile.#": "1",
                            "os_profile.4176195483.admin_password": "",
                            "os_profile.4176195483.admin_username": "voiceops",
                            "os_profile.4176195483.computer_name": "voiceops-node1",
                            "os_profile.4176195483.custom_data": "",
                            "os_profile_linux_config.#": "1",
                            "os_profile_linux_config.2972667452.disable_password_authentication": "false",
                            "os_profile_linux_config.2972667452.ssh_keys.#": "0",
                            "os_profile_secrets.#": "0",
                            "resource_group_name": "voiceOpsResourceGroup",
                            "storage_data_disk.#": "0",
                            "storage_image_reference.#": "1",
                            "storage_image_reference.253161445.offer": "Debian",
                            "storage_image_reference.253161445.publisher": "credativ",
                            "storage_image_reference.253161445.sku": "9",
                            "storage_image_reference.253161445.version": "latest",
                            "storage_os_disk.#": "1",
                            "storage_os_disk.3090571218.caching": "ReadWrite",
                            "storage_os_disk.3090571218.create_option": "FromImage",
                            "storage_os_disk.3090571218.disk_size_gb": "80",
                            "storage_os_disk.3090571218.image_uri": "",
                            "storage_os_disk.3090571218.managed_disk_id": "/subscriptions/efd90ad3-ad5f-4926-b698-c63251dce50c/resourceGroups/voiceOpsResourceGroup/providers/Microsoft.Compute/disks/osdiskn1",
                            "storage_os_disk.3090571218.managed_disk_type": "Standard_LRS",
                            "storage_os_disk.3090571218.name": "osdiskn1",
                            "storage_os_disk.3090571218.os_type": "",
                            "storage_os_disk.3090571218.vhd_uri": "",
                            "tags.%": "1",
                            "tags.environment": "production",
                            "vm_size": "Standard_A1_v2"
                        },
                        "meta": {},
                        "tainted": false
                    },
                    "deposed": [],
                    "provider": ""
                },
                "azurerm_virtual_machine.voiceOpsNodes.2": {
                    "type": "azurerm_virtual_machine",
                    "depends_on": [
                        "azurerm_network_interface.voiceOpsNiNodes.*",
                        "azurerm_resource_group.voiceOpsRm"
                    ],
                    "primary": {
                        "id": "/subscriptions/efd90ad3-ad5f-4926-b698-c63251dce50c/resourceGroups/voiceOpsResourceGroup/providers/Microsoft.Compute/virtualMachines/vonvm2",
                        "attributes": {
                            "delete_data_disks_on_termination": "false",
                            "delete_os_disk_on_termination": "false",
                            "id": "/subscriptions/efd90ad3-ad5f-4926-b698-c63251dce50c/resourceGroups/voiceOpsResourceGroup/providers/Microsoft.Compute/virtualMachines/vonvm2",
                            "location": "ukwest",
                            "name": "vonvm2",
                            "network_interface_ids.#": "1",
                            "network_interface_ids.1122933914": "/subscriptions/efd90ad3-ad5f-4926-b698-c63251dce50c/resourceGroups/voiceOpsResourceGroup/providers/Microsoft.Network/networkInterfaces/vonin2",
                            "os_profile.#": "1",
                            "os_profile.3553033304.admin_password": "",
                            "os_profile.3553033304.admin_username": "voiceops",
                            "os_profile.3553033304.computer_name": "voiceops-node2",
                            "os_profile.3553033304.custom_data": "",
                            "os_profile_linux_config.#": "1",
                            "os_profile_linux_config.2972667452.disable_password_authentication": "false",
                            "os_profile_linux_config.2972667452.ssh_keys.#": "0",
                            "os_profile_secrets.#": "0",
                            "resource_group_name": "voiceOpsResourceGroup",
                            "storage_data_disk.#": "0",
                            "storage_image_reference.#": "1",
                            "storage_image_reference.253161445.offer": "Debian",
                            "storage_image_reference.253161445.publisher": "credativ",
                            "storage_image_reference.253161445.sku": "9",
                            "storage_image_reference.253161445.version": "latest",
                            "storage_os_disk.#": "1",
                            "storage_os_disk.3127959947.caching": "ReadWrite",
                            "storage_os_disk.3127959947.create_option": "FromImage",
                            "storage_os_disk.3127959947.disk_size_gb": "80",
                            "storage_os_disk.3127959947.image_uri": "",
                            "storage_os_disk.3127959947.managed_disk_id": "/subscriptions/efd90ad3-ad5f-4926-b698-c63251dce50c/resourceGroups/voiceOpsResourceGroup/providers/Microsoft.Compute/disks/osdiskn2",
                            "storage_os_disk.3127959947.managed_disk_type": "Standard_LRS",
                            "storage_os_disk.3127959947.name": "osdiskn2",
                            "storage_os_disk.3127959947.os_type": "",
                            "storage_os_disk.3127959947.vhd_uri": "",
                            "tags.%": "1",
                            "tags.environment": "production",
                            "vm_size": "Standard_A1_v2"
                        },
                        "meta": {},
                        "tainted": false
                    },
                    "deposed": [],
                    "provider": ""
                },
                "azurerm_virtual_network.voiceOpsVn": {
                    "type": "azurerm_virtual_network",
                    "depends_on": [
                        "azurerm_resource_group.voiceOpsRm"
                    ],
                    "primary": {
                        "id": "/subscriptions/efd90ad3-ad5f-4926-b698-c63251dce50c/resourceGroups/voiceOpsResourceGroup/providers/Microsoft.Network/virtualNetworks/voiceOpsNetwork",
                        "attributes": {
                            "address_space.#": "1",
                            "address_space.0": "172.16.0.0/16",
                            "dns_servers.#": "0",
                            "id": "/subscriptions/efd90ad3-ad5f-4926-b698-c63251dce50c/resourceGroups/voiceOpsResourceGroup/providers/Microsoft.Network/virtualNetworks/voiceOpsNetwork",
                            "location": "ukwest",
                            "name": "voiceOpsNetwork",
                            "resource_group_name": "voiceOpsResourceGroup",
                            "subnet.#": "2",
                            "subnet.16587552.address_prefix": "172.16.12.0/24",
                            "subnet.16587552.name": "nodes",
                            "subnet.16587552.security_group": "",
                            "subnet.4154180000.address_prefix": "172.16.11.0/24",
                            "subnet.4154180000.name": "masters",
                            "subnet.4154180000.security_group": "",
                            "tags.%": "1",
                            "tags.environment": "Production"
                        },
                        "meta": {},
                        "tainted": false
                    },
                    "deposed": [],
                    "provider": ""
                }
            },
            "depends_on": []
        }
    ]
}
